// !$*UTF8*$!
{
	archiveVersion = 1;
	classes = {
	};
	objectVersion = 51;
	objects = {

/* Begin PBXBuildFile section */
		5264A91D2440C088003A9E63 /* AppDelegate.swift in Sources */ = {isa = PBXBuildFile; fileRef = 5264A91C2440C088003A9E63 /* AppDelegate.swift */; };
		5264A91F2440C088003A9E63 /* SceneDelegate.swift in Sources */ = {isa = PBXBuildFile; fileRef = 5264A91E2440C088003A9E63 /* SceneDelegate.swift */; };
		5264A9222440C088003A9E63 /* SwiftUIDemo.xcdatamodeld in Sources */ = {isa = PBXBuildFile; fileRef = 5264A9202440C088003A9E63 /* SwiftUIDemo.xcdatamodeld */; };
		5264A9242440C088003A9E63 /* ContentView.swift in Sources */ = {isa = PBXBuildFile; fileRef = 5264A9232440C088003A9E63 /* ContentView.swift */; };
		5264A9262440C08B003A9E63 /* Assets.xcassets in Resources */ = {isa = PBXBuildFile; fileRef = 5264A9252440C08B003A9E63 /* Assets.xcassets */; };
		5264A9292440C08B003A9E63 /* Preview Assets.xcassets in Resources */ = {isa = PBXBuildFile; fileRef = 5264A9282440C08B003A9E63 /* Preview Assets.xcassets */; };
		5264A92C2440C08B003A9E63 /* LaunchScreen.storyboard in Resources */ = {isa = PBXBuildFile; fileRef = 5264A92A2440C08B003A9E63 /* LaunchScreen.storyboard */; };
		5264A9372440C08B003A9E63 /* SwiftUIDemoTests.swift in Sources */ = {isa = PBXBuildFile; fileRef = 5264A9362440C08B003A9E63 /* SwiftUIDemoTests.swift */; };
		5264A9422445FD7C003A9E63 /* SKTCaptureViewController.swift in Sources */ = {isa = PBXBuildFile; fileRef = 5264A9412445FD7C003A9E63 /* SKTCaptureViewController.swift */; };
		928CC46312222716FFD88306 /* Pods_SwiftUIDemo.framework in Frameworks */ = {isa = PBXBuildFile; fileRef = FF038B7F1EC681C680F2812A /* Pods_SwiftUIDemo.framework */; };
		E956F3B0BCAB1C6175C83B9A /* Pods_SwiftUIDemoTests.framework in Frameworks */ = {isa = PBXBuildFile; fileRef = 1DB0755CB939AE21BF301FE0 /* Pods_SwiftUIDemoTests.framework */; };
/* End PBXBuildFile section */

/* Begin PBXContainerItemProxy section */
		5264A9332440C08B003A9E63 /* PBXContainerItemProxy */ = {
			isa = PBXContainerItemProxy;
			containerPortal = 5264A9112440C087003A9E63 /* Project object */;
			proxyType = 1;
			remoteGlobalIDString = 5264A9182440C087003A9E63;
			remoteInfo = SwiftUIDemo;
		};
/* End PBXContainerItemProxy section */

/* Begin PBXFileReference section */
		0C962BC7088D5A3CDFFB0102 /* Pods-SwiftUIDemoTests.release.xcconfig */ = {isa = PBXFileReference; includeInIndex = 1; lastKnownFileType = text.xcconfig; name = "Pods-SwiftUIDemoTests.release.xcconfig"; path = "Target Support Files/Pods-SwiftUIDemoTests/Pods-SwiftUIDemoTests.release.xcconfig"; sourceTree = "<group>"; };
		1DB0755CB939AE21BF301FE0 /* Pods_SwiftUIDemoTests.framework */ = {isa = PBXFileReference; explicitFileType = wrapper.framework; includeInIndex = 0; path = Pods_SwiftUIDemoTests.framework; sourceTree = BUILT_PRODUCTS_DIR; };
		5264A9192440C088003A9E63 /* SwiftUIDemo.app */ = {isa = PBXFileReference; explicitFileType = wrapper.application; includeInIndex = 0; path = SwiftUIDemo.app; sourceTree = BUILT_PRODUCTS_DIR; };
		5264A91C2440C088003A9E63 /* AppDelegate.swift */ = {isa = PBXFileReference; lastKnownFileType = sourcecode.swift; path = AppDelegate.swift; sourceTree = "<group>"; };
		5264A91E2440C088003A9E63 /* SceneDelegate.swift */ = {isa = PBXFileReference; lastKnownFileType = sourcecode.swift; path = SceneDelegate.swift; sourceTree = "<group>"; };
		5264A9212440C088003A9E63 /* SwiftUIDemo.xcdatamodel */ = {isa = PBXFileReference; lastKnownFileType = wrapper.xcdatamodel; path = SwiftUIDemo.xcdatamodel; sourceTree = "<group>"; };
		5264A9232440C088003A9E63 /* ContentView.swift */ = {isa = PBXFileReference; lastKnownFileType = sourcecode.swift; path = ContentView.swift; sourceTree = "<group>"; };
		5264A9252440C08B003A9E63 /* Assets.xcassets */ = {isa = PBXFileReference; lastKnownFileType = folder.assetcatalog; path = Assets.xcassets; sourceTree = "<group>"; };
		5264A9282440C08B003A9E63 /* Preview Assets.xcassets */ = {isa = PBXFileReference; lastKnownFileType = folder.assetcatalog; path = "Preview Assets.xcassets"; sourceTree = "<group>"; };
		5264A92B2440C08B003A9E63 /* Base */ = {isa = PBXFileReference; lastKnownFileType = file.storyboard; name = Base; path = Base.lproj/LaunchScreen.storyboard; sourceTree = "<group>"; };
		5264A92D2440C08B003A9E63 /* Info.plist */ = {isa = PBXFileReference; lastKnownFileType = text.plist.xml; path = Info.plist; sourceTree = "<group>"; };
		5264A9322440C08B003A9E63 /* SwiftUIDemoTests.xctest */ = {isa = PBXFileReference; explicitFileType = wrapper.cfbundle; includeInIndex = 0; path = SwiftUIDemoTests.xctest; sourceTree = BUILT_PRODUCTS_DIR; };
		5264A9362440C08B003A9E63 /* SwiftUIDemoTests.swift */ = {isa = PBXFileReference; lastKnownFileType = sourcecode.swift; path = SwiftUIDemoTests.swift; sourceTree = "<group>"; };
		5264A9382440C08B003A9E63 /* Info.plist */ = {isa = PBXFileReference; lastKnownFileType = text.plist.xml; path = Info.plist; sourceTree = "<group>"; };
		5264A9412445FD7C003A9E63 /* SKTCaptureViewController.swift */ = {isa = PBXFileReference; lastKnownFileType = sourcecode.swift; path = SKTCaptureViewController.swift; sourceTree = "<group>"; };
		6E8E94BF6FB965290C2295B9 /* Pods-SwiftUIDemo.debug.xcconfig */ = {isa = PBXFileReference; includeInIndex = 1; lastKnownFileType = text.xcconfig; name = "Pods-SwiftUIDemo.debug.xcconfig"; path = "Target Support Files/Pods-SwiftUIDemo/Pods-SwiftUIDemo.debug.xcconfig"; sourceTree = "<group>"; };
		88B871F546591783295C4A0A /* Pods-SwiftUIDemo.release.xcconfig */ = {isa = PBXFileReference; includeInIndex = 1; lastKnownFileType = text.xcconfig; name = "Pods-SwiftUIDemo.release.xcconfig"; path = "Target Support Files/Pods-SwiftUIDemo/Pods-SwiftUIDemo.release.xcconfig"; sourceTree = "<group>"; };
		D95F2CC3806F2D867EEFD0E0 /* Pods-SwiftUIDemoTests.debug.xcconfig */ = {isa = PBXFileReference; includeInIndex = 1; lastKnownFileType = text.xcconfig; name = "Pods-SwiftUIDemoTests.debug.xcconfig"; path = "Target Support Files/Pods-SwiftUIDemoTests/Pods-SwiftUIDemoTests.debug.xcconfig"; sourceTree = "<group>"; };
		FF038B7F1EC681C680F2812A /* Pods_SwiftUIDemo.framework */ = {isa = PBXFileReference; explicitFileType = wrapper.framework; includeInIndex = 0; path = Pods_SwiftUIDemo.framework; sourceTree = BUILT_PRODUCTS_DIR; };
/* End PBXFileReference section */

/* Begin PBXFrameworksBuildPhase section */
		5264A9162440C087003A9E63 /* Frameworks */ = {
			isa = PBXFrameworksBuildPhase;
			buildActionMask = 2147483647;
			files = (
				928CC46312222716FFD88306 /* Pods_SwiftUIDemo.framework in Frameworks */,
			);
			runOnlyForDeploymentPostprocessing = 0;
		};
		5264A92F2440C08B003A9E63 /* Frameworks */ = {
			isa = PBXFrameworksBuildPhase;
			buildActionMask = 2147483647;
			files = (
				E956F3B0BCAB1C6175C83B9A /* Pods_SwiftUIDemoTests.framework in Frameworks */,
			);
			runOnlyForDeploymentPostprocessing = 0;
		};
/* End PBXFrameworksBuildPhase section */

/* Begin PBXGroup section */
		5264A9102440C087003A9E63 = {
			isa = PBXGroup;
			children = (
				5264A91B2440C088003A9E63 /* SwiftUIDemo */,
				5264A9352440C08B003A9E63 /* SwiftUIDemoTests */,
				5264A91A2440C088003A9E63 /* Products */,
				93BCA89498292409FC960143 /* Pods */,
				C3BA3AFBFE8C56436005CE83 /* Frameworks */,
			);
			sourceTree = "<group>";
		};
		5264A91A2440C088003A9E63 /* Products */ = {
			isa = PBXGroup;
			children = (
				5264A9192440C088003A9E63 /* SwiftUIDemo.app */,
				5264A9322440C08B003A9E63 /* SwiftUIDemoTests.xctest */,
			);
			name = Products;
			sourceTree = "<group>";
		};
		5264A91B2440C088003A9E63 /* SwiftUIDemo */ = {
			isa = PBXGroup;
			children = (
				5264A91C2440C088003A9E63 /* AppDelegate.swift */,
				5264A91E2440C088003A9E63 /* SceneDelegate.swift */,
				5264A9232440C088003A9E63 /* ContentView.swift */,
				5264A9252440C08B003A9E63 /* Assets.xcassets */,
				5264A92A2440C08B003A9E63 /* LaunchScreen.storyboard */,
				5264A92D2440C08B003A9E63 /* Info.plist */,
				5264A9202440C088003A9E63 /* SwiftUIDemo.xcdatamodeld */,
				5264A9272440C08B003A9E63 /* Preview Content */,
				5264A9412445FD7C003A9E63 /* SKTCaptureViewController.swift */,
			);
			path = SwiftUIDemo;
			sourceTree = "<group>";
		};
		5264A9272440C08B003A9E63 /* Preview Content */ = {
			isa = PBXGroup;
			children = (
				5264A9282440C08B003A9E63 /* Preview Assets.xcassets */,
			);
			path = "Preview Content";
			sourceTree = "<group>";
		};
		5264A9352440C08B003A9E63 /* SwiftUIDemoTests */ = {
			isa = PBXGroup;
			children = (
				5264A9362440C08B003A9E63 /* SwiftUIDemoTests.swift */,
				5264A9382440C08B003A9E63 /* Info.plist */,
			);
			path = SwiftUIDemoTests;
			sourceTree = "<group>";
		};
		93BCA89498292409FC960143 /* Pods */ = {
			isa = PBXGroup;
			children = (
				6E8E94BF6FB965290C2295B9 /* Pods-SwiftUIDemo.debug.xcconfig */,
				88B871F546591783295C4A0A /* Pods-SwiftUIDemo.release.xcconfig */,
				D95F2CC3806F2D867EEFD0E0 /* Pods-SwiftUIDemoTests.debug.xcconfig */,
				0C962BC7088D5A3CDFFB0102 /* Pods-SwiftUIDemoTests.release.xcconfig */,
			);
			path = Pods;
			sourceTree = "<group>";
		};
		C3BA3AFBFE8C56436005CE83 /* Frameworks */ = {
			isa = PBXGroup;
			children = (
				FF038B7F1EC681C680F2812A /* Pods_SwiftUIDemo.framework */,
				1DB0755CB939AE21BF301FE0 /* Pods_SwiftUIDemoTests.framework */,
			);
			name = Frameworks;
			sourceTree = "<group>";
		};
/* End PBXGroup section */

/* Begin PBXNativeTarget section */
		5264A9182440C087003A9E63 /* SwiftUIDemo */ = {
			isa = PBXNativeTarget;
			buildConfigurationList = 5264A93B2440C08B003A9E63 /* Build configuration list for PBXNativeTarget "SwiftUIDemo" */;
			buildPhases = (
				8F72D9C6D99BE59D90867834 /* [CP] Check Pods Manifest.lock */,
				5264A9152440C087003A9E63 /* Sources */,
				5264A9162440C087003A9E63 /* Frameworks */,
				5264A9172440C087003A9E63 /* Resources */,
				509CE8A11114790FC42A1A80 /* [CP] Embed Pods Frameworks */,
			);
			buildRules = (
			);
			dependencies = (
			);
			name = SwiftUIDemo;
			productName = SwiftUIDemo;
			productReference = 5264A9192440C088003A9E63 /* SwiftUIDemo.app */;
			productType = "com.apple.product-type.application";
		};
		5264A9312440C08B003A9E63 /* SwiftUIDemoTests */ = {
			isa = PBXNativeTarget;
			buildConfigurationList = 5264A93E2440C08B003A9E63 /* Build configuration list for PBXNativeTarget "SwiftUIDemoTests" */;
			buildPhases = (
				6B32401560A6EAB86843F67B /* [CP] Check Pods Manifest.lock */,
				5264A92E2440C08B003A9E63 /* Sources */,
				5264A92F2440C08B003A9E63 /* Frameworks */,
				5264A9302440C08B003A9E63 /* Resources */,
			);
			buildRules = (
			);
			dependencies = (
				5264A9342440C08B003A9E63 /* PBXTargetDependency */,
			);
			name = SwiftUIDemoTests;
			productName = SwiftUIDemoTests;
			productReference = 5264A9322440C08B003A9E63 /* SwiftUIDemoTests.xctest */;
			productType = "com.apple.product-type.bundle.unit-test";
		};
/* End PBXNativeTarget section */

/* Begin PBXProject section */
		5264A9112440C087003A9E63 /* Project object */ = {
			isa = PBXProject;
			attributes = {
				LastSwiftUpdateCheck = 1140;
				LastUpgradeCheck = 1140;
				ORGANIZATIONNAME = "Chrishon Wyllie";
				TargetAttributes = {
					5264A9182440C087003A9E63 = {
						CreatedOnToolsVersion = 11.4;
					};
					5264A9312440C08B003A9E63 = {
						CreatedOnToolsVersion = 11.4;
						TestTargetID = 5264A9182440C087003A9E63;
					};
				};
			};
			buildConfigurationList = 5264A9142440C087003A9E63 /* Build configuration list for PBXProject "SwiftUIDemo" */;
			compatibilityVersion = "Xcode 9.3";
			developmentRegion = en;
			hasScannedForEncodings = 0;
			knownRegions = (
				en,
				Base,
			);
			mainGroup = 5264A9102440C087003A9E63;
			productRefGroup = 5264A91A2440C088003A9E63 /* Products */;
			projectDirPath = "";
			projectRoot = "";
			targets = (
				5264A9182440C087003A9E63 /* SwiftUIDemo */,
				5264A9312440C08B003A9E63 /* SwiftUIDemoTests */,
			);
		};
/* End PBXProject section */

/* Begin PBXResourcesBuildPhase section */
		5264A9172440C087003A9E63 /* Resources */ = {
			isa = PBXResourcesBuildPhase;
			buildActionMask = 2147483647;
			files = (
				5264A92C2440C08B003A9E63 /* LaunchScreen.storyboard in Resources */,
				5264A9292440C08B003A9E63 /* Preview Assets.xcassets in Resources */,
				5264A9262440C08B003A9E63 /* Assets.xcassets in Resources */,
			);
			runOnlyForDeploymentPostprocessing = 0;
		};
		5264A9302440C08B003A9E63 /* Resources */ = {
			isa = PBXResourcesBuildPhase;
			buildActionMask = 2147483647;
			files = (
			);
			runOnlyForDeploymentPostprocessing = 0;
		};
/* End PBXResourcesBuildPhase section */

/* Begin PBXShellScriptBuildPhase section */
		509CE8A11114790FC42A1A80 /* [CP] Embed Pods Frameworks */ = {
			isa = PBXShellScriptBuildPhase;
			buildActionMask = 2147483647;
			files = (
			);
			inputFileListPaths = (
				"${PODS_ROOT}/Target Support Files/Pods-SwiftUIDemo/Pods-SwiftUIDemo-frameworks-${CONFIGURATION}-input-files.xcfilelist",
			);
			name = "[CP] Embed Pods Frameworks";
			outputFileListPaths = (
				"${PODS_ROOT}/Target Support Files/Pods-SwiftUIDemo/Pods-SwiftUIDemo-frameworks-${CONFIGURATION}-output-files.xcfilelist",
			);
			runOnlyForDeploymentPostprocessing = 0;
			shellPath = /bin/sh;
			shellScript = "\"${PODS_ROOT}/Target Support Files/Pods-SwiftUIDemo/Pods-SwiftUIDemo-frameworks.sh\"\n";
			showEnvVarsInLog = 0;
		};
		6B32401560A6EAB86843F67B /* [CP] Check Pods Manifest.lock */ = {
			isa = PBXShellScriptBuildPhase;
			buildActionMask = 2147483647;
			files = (
			);
			inputFileListPaths = (
			);
			inputPaths = (
				"${PODS_PODFILE_DIR_PATH}/Podfile.lock",
				"${PODS_ROOT}/Manifest.lock",
			);
			name = "[CP] Check Pods Manifest.lock";
			outputFileListPaths = (
			);
			outputPaths = (
				"$(DERIVED_FILE_DIR)/Pods-SwiftUIDemoTests-checkManifestLockResult.txt",
			);
			runOnlyForDeploymentPostprocessing = 0;
			shellPath = /bin/sh;
			shellScript = "diff \"${PODS_PODFILE_DIR_PATH}/Podfile.lock\" \"${PODS_ROOT}/Manifest.lock\" > /dev/null\nif [ $? != 0 ] ; then\n    # print error to STDERR\n    echo \"error: The sandbox is not in sync with the Podfile.lock. Run 'pod install' or update your CocoaPods installation.\" >&2\n    exit 1\nfi\n# This output is used by Xcode 'outputs' to avoid re-running this script phase.\necho \"SUCCESS\" > \"${SCRIPT_OUTPUT_FILE_0}\"\n";
			showEnvVarsInLog = 0;
		};
		8F72D9C6D99BE59D90867834 /* [CP] Check Pods Manifest.lock */ = {
			isa = PBXShellScriptBuildPhase;
			buildActionMask = 2147483647;
			files = (
			);
			inputFileListPaths = (
			);
			inputPaths = (
				"${PODS_PODFILE_DIR_PATH}/Podfile.lock",
				"${PODS_ROOT}/Manifest.lock",
			);
			name = "[CP] Check Pods Manifest.lock";
			outputFileListPaths = (
			);
			outputPaths = (
				"$(DERIVED_FILE_DIR)/Pods-SwiftUIDemo-checkManifestLockResult.txt",
			);
			runOnlyForDeploymentPostprocessing = 0;
			shellPath = /bin/sh;
			shellScript = "diff \"${PODS_PODFILE_DIR_PATH}/Podfile.lock\" \"${PODS_ROOT}/Manifest.lock\" > /dev/null\nif [ $? != 0 ] ; then\n    # print error to STDERR\n    echo \"error: The sandbox is not in sync with the Podfile.lock. Run 'pod install' or update your CocoaPods installation.\" >&2\n    exit 1\nfi\n# This output is used by Xcode 'outputs' to avoid re-running this script phase.\necho \"SUCCESS\" > \"${SCRIPT_OUTPUT_FILE_0}\"\n";
			showEnvVarsInLog = 0;
		};
/* End PBXShellScriptBuildPhase section */

/* Begin PBXSourcesBuildPhase section */
		5264A9152440C087003A9E63 /* Sources */ = {
			isa = PBXSourcesBuildPhase;
			buildActionMask = 2147483647;
			files = (
				5264A91D2440C088003A9E63 /* AppDelegate.swift in Sources */,
				5264A9422445FD7C003A9E63 /* SKTCaptureViewController.swift in Sources */,
				5264A9222440C088003A9E63 /* SwiftUIDemo.xcdatamodeld in Sources */,
				5264A9242440C088003A9E63 /* ContentView.swift in Sources */,
				5264A91F2440C088003A9E63 /* SceneDelegate.swift in Sources */,
			);
			runOnlyForDeploymentPostprocessing = 0;
		};
		5264A92E2440C08B003A9E63 /* Sources */ = {
			isa = PBXSourcesBuildPhase;
			buildActionMask = 2147483647;
			files = (
				5264A9372440C08B003A9E63 /* SwiftUIDemoTests.swift in Sources */,
			);
			runOnlyForDeploymentPostprocessing = 0;
		};
/* End PBXSourcesBuildPhase section */

/* Begin PBXTargetDependency section */
		5264A9342440C08B003A9E63 /* PBXTargetDependency */ = {
			isa = PBXTargetDependency;
			target = 5264A9182440C087003A9E63 /* SwiftUIDemo */;
			targetProxy = 5264A9332440C08B003A9E63 /* PBXContainerItemProxy */;
		};
/* End PBXTargetDependency section */

/* Begin PBXVariantGroup section */
		5264A92A2440C08B003A9E63 /* LaunchScreen.storyboard */ = {
			isa = PBXVariantGroup;
			children = (
				5264A92B2440C08B003A9E63 /* Base */,
			);
			name = LaunchScreen.storyboard;
			sourceTree = "<group>";
		};
/* End PBXVariantGroup section */

/* Begin XCBuildConfiguration section */
		5264A9392440C08B003A9E63 /* Debug */ = {
			isa = XCBuildConfiguration;
			buildSettings = {
				ALWAYS_SEARCH_USER_PATHS = NO;
				CLANG_ANALYZER_NONNULL = YES;
				CLANG_ANALYZER_NUMBER_OBJECT_CONVERSION = YES_AGGRESSIVE;
				CLANG_CXX_LANGUAGE_STANDARD = "gnu++14";
				CLANG_CXX_LIBRARY = "libc++";
				CLANG_ENABLE_MODULES = YES;
				CLANG_ENABLE_OBJC_ARC = YES;
				CLANG_ENABLE_OBJC_WEAK = YES;
				CLANG_WARN_BLOCK_CAPTURE_AUTORELEASING = YES;
				CLANG_WARN_BOOL_CONVERSION = YES;
				CLANG_WARN_COMMA = YES;
				CLANG_WARN_CONSTANT_CONVERSION = YES;
				CLANG_WARN_DEPRECATED_OBJC_IMPLEMENTATIONS = YES;
				CLANG_WARN_DIRECT_OBJC_ISA_USAGE = YES_ERROR;
				CLANG_WARN_DOCUMENTATION_COMMENTS = YES;
				CLANG_WARN_EMPTY_BODY = YES;
				CLANG_WARN_ENUM_CONVERSION = YES;
				CLANG_WARN_INFINITE_RECURSION = YES;
				CLANG_WARN_INT_CONVERSION = YES;
				CLANG_WARN_NON_LITERAL_NULL_CONVERSION = YES;
				CLANG_WARN_OBJC_IMPLICIT_RETAIN_SELF = YES;
				CLANG_WARN_OBJC_LITERAL_CONVERSION = YES;
				CLANG_WARN_OBJC_ROOT_CLASS = YES_ERROR;
				CLANG_WARN_RANGE_LOOP_ANALYSIS = YES;
				CLANG_WARN_STRICT_PROTOTYPES = YES;
				CLANG_WARN_SUSPICIOUS_MOVE = YES;
				CLANG_WARN_UNGUARDED_AVAILABILITY = YES_AGGRESSIVE;
				CLANG_WARN_UNREACHABLE_CODE = YES;
				CLANG_WARN__DUPLICATE_METHOD_MATCH = YES;
				COPY_PHASE_STRIP = NO;
				DEBUG_INFORMATION_FORMAT = dwarf;
				ENABLE_STRICT_OBJC_MSGSEND = YES;
				ENABLE_TESTABILITY = YES;
				GCC_C_LANGUAGE_STANDARD = gnu11;
				GCC_DYNAMIC_NO_PIC = NO;
				GCC_NO_COMMON_BLOCKS = YES;
				GCC_OPTIMIZATION_LEVEL = 0;
				GCC_PREPROCESSOR_DEFINITIONS = (
					"DEBUG=1",
					"$(inherited)",
				);
				GCC_WARN_64_TO_32_BIT_CONVERSION = YES;
				GCC_WARN_ABOUT_RETURN_TYPE = YES_ERROR;
				GCC_WARN_UNDECLARED_SELECTOR = YES;
				GCC_WARN_UNINITIALIZED_AUTOS = YES_AGGRESSIVE;
				GCC_WARN_UNUSED_FUNCTION = YES;
				GCC_WARN_UNUSED_VARIABLE = YES;
				IPHONEOS_DEPLOYMENT_TARGET = 13.4;
				MTL_ENABLE_DEBUG_INFO = INCLUDE_SOURCE;
				MTL_FAST_MATH = YES;
				ONLY_ACTIVE_ARCH = YES;
				SDKROOT = iphoneos;
				SWIFT_ACTIVE_COMPILATION_CONDITIONS = DEBUG;
				SWIFT_OPTIMIZATION_LEVEL = "-Onone";
			};
			name = Debug;
		};
		5264A93A2440C08B003A9E63 /* Release */ = {
			isa = XCBuildConfiguration;
			buildSettings = {
				ALWAYS_SEARCH_USER_PATHS = NO;
				CLANG_ANALYZER_NONNULL = YES;
				CLANG_ANALYZER_NUMBER_OBJECT_CONVERSION = YES_AGGRESSIVE;
				CLANG_CXX_LANGUAGE_STANDARD = "gnu++14";
				CLANG_CXX_LIBRARY = "libc++";
				CLANG_ENABLE_MODULES = YES;
				CLANG_ENABLE_OBJC_ARC = YES;
				CLANG_ENABLE_OBJC_WEAK = YES;
				CLANG_WARN_BLOCK_CAPTURE_AUTORELEASING = YES;
				CLANG_WARN_BOOL_CONVERSION = YES;
				CLANG_WARN_COMMA = YES;
				CLANG_WARN_CONSTANT_CONVERSION = YES;
				CLANG_WARN_DEPRECATED_OBJC_IMPLEMENTATIONS = YES;
				CLANG_WARN_DIRECT_OBJC_ISA_USAGE = YES_ERROR;
				CLANG_WARN_DOCUMENTATION_COMMENTS = YES;
				CLANG_WARN_EMPTY_BODY = YES;
				CLANG_WARN_ENUM_CONVERSION = YES;
				CLANG_WARN_INFINITE_RECURSION = YES;
				CLANG_WARN_INT_CONVERSION = YES;
				CLANG_WARN_NON_LITERAL_NULL_CONVERSION = YES;
				CLANG_WARN_OBJC_IMPLICIT_RETAIN_SELF = YES;
				CLANG_WARN_OBJC_LITERAL_CONVERSION = YES;
				CLANG_WARN_OBJC_ROOT_CLASS = YES_ERROR;
				CLANG_WARN_RANGE_LOOP_ANALYSIS = YES;
				CLANG_WARN_STRICT_PROTOTYPES = YES;
				CLANG_WARN_SUSPICIOUS_MOVE = YES;
				CLANG_WARN_UNGUARDED_AVAILABILITY = YES_AGGRESSIVE;
				CLANG_WARN_UNREACHABLE_CODE = YES;
				CLANG_WARN__DUPLICATE_METHOD_MATCH = YES;
				COPY_PHASE_STRIP = NO;
				DEBUG_INFORMATION_FORMAT = "dwarf-with-dsym";
				ENABLE_NS_ASSERTIONS = NO;
				ENABLE_STRICT_OBJC_MSGSEND = YES;
				GCC_C_LANGUAGE_STANDARD = gnu11;
				GCC_NO_COMMON_BLOCKS = YES;
				GCC_WARN_64_TO_32_BIT_CONVERSION = YES;
				GCC_WARN_ABOUT_RETURN_TYPE = YES_ERROR;
				GCC_WARN_UNDECLARED_SELECTOR = YES;
				GCC_WARN_UNINITIALIZED_AUTOS = YES_AGGRESSIVE;
				GCC_WARN_UNUSED_FUNCTION = YES;
				GCC_WARN_UNUSED_VARIABLE = YES;
				IPHONEOS_DEPLOYMENT_TARGET = 13.4;
				MTL_ENABLE_DEBUG_INFO = NO;
				MTL_FAST_MATH = YES;
				SDKROOT = iphoneos;
				SWIFT_COMPILATION_MODE = wholemodule;
				SWIFT_OPTIMIZATION_LEVEL = "-O";
				VALIDATE_PRODUCT = YES;
			};
			name = Release;
		};
		5264A93C2440C08B003A9E63 /* Debug */ = {
			isa = XCBuildConfiguration;
			baseConfigurationReference = 6E8E94BF6FB965290C2295B9 /* Pods-SwiftUIDemo.debug.xcconfig */;
			buildSettings = {
				ASSETCATALOG_COMPILER_APPICON_NAME = AppIcon;
				CODE_SIGN_STYLE = Automatic;
				DEVELOPMENT_ASSET_PATHS = "\"SwiftUIDemo/Preview Content\"";
				DEVELOPMENT_TEAM = GCJ274LWEE;
				ENABLE_PREVIEWS = YES;
				INFOPLIST_FILE = SwiftUIDemo/Info.plist;
				LD_RUNPATH_SEARCH_PATHS = (
					"$(inherited)",
					"@executable_path/Frameworks",
				);
				PRODUCT_BUNDLE_IDENTIFIER = com.socketmobile.SwiftUIDemo;
				PRODUCT_NAME = "$(TARGET_NAME)";
				SWIFT_VERSION = 5.0;
				TARGETED_DEVICE_FAMILY = "1,2";
			};
			name = Debug;
		};
		5264A93D2440C08B003A9E63 /* Release */ = {
			isa = XCBuildConfiguration;
			baseConfigurationReference = 88B871F546591783295C4A0A /* Pods-SwiftUIDemo.release.xcconfig */;
			buildSettings = {
				ASSETCATALOG_COMPILER_APPICON_NAME = AppIcon;
				CODE_SIGN_STYLE = Automatic;
				DEVELOPMENT_ASSET_PATHS = "\"SwiftUIDemo/Preview Content\"";
				DEVELOPMENT_TEAM = GCJ274LWEE;
				ENABLE_PREVIEWS = YES;
				INFOPLIST_FILE = SwiftUIDemo/Info.plist;
				LD_RUNPATH_SEARCH_PATHS = (
					"$(inherited)",
					"@executable_path/Frameworks",
				);
				PRODUCT_BUNDLE_IDENTIFIER = com.socketmobile.SwiftUIDemo;
				PRODUCT_NAME = "$(TARGET_NAME)";
				SWIFT_VERSION = 5.0;
				TARGETED_DEVICE_FAMILY = "1,2";
			};
			name = Release;
		};
		5264A93F2440C08B003A9E63 /* Debug */ = {
			isa = XCBuildConfiguration;
			baseConfigurationReference = D95F2CC3806F2D867EEFD0E0 /* Pods-SwiftUIDemoTests.debug.xcconfig */;
			buildSettings = {
				ALWAYS_EMBED_SWIFT_STANDARD_LIBRARIES = YES;
				BUNDLE_LOADER = "$(TEST_HOST)";
				CODE_SIGN_STYLE = Automatic;
				DEVELOPMENT_TEAM = GCJ274LWEE;
				INFOPLIST_FILE = SwiftUIDemoTests/Info.plist;
				IPHONEOS_DEPLOYMENT_TARGET = 13.4;
				LD_RUNPATH_SEARCH_PATHS = (
					"$(inherited)",
					"@executable_path/Frameworks",
					"@loader_path/Frameworks",
				);
				PRODUCT_BUNDLE_IDENTIFIER = com.socketmobile.SwiftUIDemoTests;
				PRODUCT_NAME = "$(TARGET_NAME)";
				SWIFT_VERSION = 5.0;
				TARGETED_DEVICE_FAMILY = "1,2";
				TEST_HOST = "$(BUILT_PRODUCTS_DIR)/SwiftUIDemo.app/SwiftUIDemo";
			};
			name = Debug;
		};
		5264A9402440C08B003A9E63 /* Release */ = {
			isa = XCBuildConfiguration;
			baseConfigurationReference = 0C962BC7088D5A3CDFFB0102 /* Pods-SwiftUIDemoTests.release.xcconfig */;
			buildSettings = {
				ALWAYS_EMBED_SWIFT_STANDARD_LIBRARIES = YES;
				BUNDLE_LOADER = "$(TEST_HOST)";
				CODE_SIGN_STYLE = Automatic;
				DEVELOPMENT_TEAM = GCJ274LWEE;
				INFOPLIST_FILE = SwiftUIDemoTests/Info.plist;
				IPHONEOS_DEPLOYMENT_TARGET = 13.4;
				LD_RUNPATH_SEARCH_PATHS = (
					"$(inherited)",
					"@executable_path/Frameworks",
					"@loader_path/Frameworks",
				);
				PRODUCT_BUNDLE_IDENTIFIER = com.socketmobile.SwiftUIDemoTests;
				PRODUCT_NAME = "$(TARGET_NAME)";
				SWIFT_VERSION = 5.0;
				TARGETED_DEVICE_FAMILY = "1,2";
				TEST_HOST = "$(BUILT_PRODUCTS_DIR)/SwiftUIDemo.app/SwiftUIDemo";
			};
			name = Release;
		};
/* End XCBuildConfiguration section */

/* Begin XCConfigurationList section */
		5264A9142440C087003A9E63 /* Build configuration list for PBXProject "SwiftUIDemo" */ = {
			isa = XCConfigurationList;
			buildConfigurations = (
				5264A9392440C08B003A9E63 /* Debug */,
				5264A93A2440C08B003A9E63 /* Release */,
			);
			defaultConfigurationIsVisible = 0;
			defaultConfigurationName = Release;
		};
		5264A93B2440C08B003A9E63 /* Build configuration list for PBXNativeTarget "SwiftUIDemo" */ = {
			isa = XCConfigurationList;
			buildConfigurations = (
				5264A93C2440C08B003A9E63 /* Debug */,
				5264A93D2440C08B003A9E63 /* Release */,
			);
			defaultConfigurationIsVisible = 0;
			defaultConfigurationName = Release;
		};
		5264A93E2440C08B003A9E63 /* Build configuration list for PBXNativeTarget "SwiftUIDemoTests" */ = {
			isa = XCConfigurationList;
			buildConfigurations = (
				5264A93F2440C08B003A9E63 /* Debug */,
				5264A9402440C08B003A9E63 /* Release */,
			);
			defaultConfigurationIsVisible = 0;
			defaultConfigurationName = Release;
		};
/* End XCConfigurationList section */

/* Begin XCVersionGroup section */
		5264A9202440C088003A9E63 /* SwiftUIDemo.xcdatamodeld */ = {
			isa = XCVersionGroup;
			children = (
				5264A9212440C088003A9E63 /* SwiftUIDemo.xcdatamodel */,
			);
			currentVersion = 5264A9212440C088003A9E63 /* SwiftUIDemo.xcdatamodel */;
			path = SwiftUIDemo.xcdatamodeld;
			sourceTree = "<group>";
			versionGroupType = wrapper.xcdatamodel;
		};
/* End XCVersionGroup section */
	};
	rootObject = 5264A9112440C087003A9E63 /* Project object */;
}
